<?xml version="1.0" encoding="utf-8"?>
<Project ToolsVersion="4.0" xmlns="http://schemas.microsoft.com/developer/msbuild/2003">
  <ItemGroup>
    <Filter Include="Source Files">
      <UniqueIdentifier>{4FC737F1-C7A5-4376-A066-2A32D752A2FF}</UniqueIdentifier>
      <Extensions>cpp;c;cc;cxx;def;odl;idl;hpj;bat;asm;asmx</Extensions>
    </Filter>
    <Filter Include="MapReader">
      <UniqueIdentifier>{745aad8b-1b33-498d-9463-116f5d8bfbf8}</UniqueIdentifier>
    </Filter>
    <Filter Include="Entity">
      <UniqueIdentifier>{51effe2a-6b49-4497-bd08-6e5824f50a98}</UniqueIdentifier>
    </Filter>
    <Filter Include="Entity\Player">
      <UniqueIdentifier>{8900582a-bbf4-4c7c-a1dd-fbd877a280bc}</UniqueIdentifier>
    </Filter>
    <Filter Include="Entity\Enemy">
      <UniqueIdentifier>{5cab7f2c-99f5-4cd4-9b60-ff53a3c7efe6}</UniqueIdentifier>
    </Filter>
    <Filter Include="Game">
      <UniqueIdentifier>{e15dee07-5448-41bc-9dcf-b61fbd9a9675}</UniqueIdentifier>
    </Filter>
    <Filter Include="MapReader\Tiles">
      <UniqueIdentifier>{ebd454a2-5c6f-4484-bbe6-47e14a076adb}</UniqueIdentifier>
    </Filter>
    <Filter Include="UI">
      <UniqueIdentifier>{aeb56151-9907-4cc5-ba4b-611248b7a99d}</UniqueIdentifier>
    </Filter>
    <Filter Include="Objects">
      <UniqueIdentifier>{875d38bd-c675-4348-bb4e-9e4194d20ae8}</UniqueIdentifier>
    </Filter>
  </ItemGroup>
  <ItemGroup>
    <ClCompile Include="main.cpp">
      <Filter>Source Files</Filter>
    </ClCompile>
    <ClCompile Include="MapReader.cpp">
      <Filter>MapReader</Filter>
    </ClCompile>
    <ClCompile Include="Player.cpp">
      <Filter>Entity\Player</Filter>
    </ClCompile>
    <ClCompile Include="Entity.cpp">
      <Filter>Entity</Filter>
    </ClCompile>
    <ClCompile Include="Game.cpp">
      <Filter>Game</Filter>
    </ClCompile>
    <ClCompile Include="Enemy.cpp">
      <Filter>Entity\Enemy</Filter>
    </ClCompile>
    <ClCompile Include="Projectile.cpp">
      <Filter>Entity</Filter>
    </ClCompile>
    <ClCompile Include="Menu.cpp">
      <Filter>UI</Filter>
    </ClCompile>
    <ClCompile Include="GoalObject.cpp">
      <Filter>Objects</Filter>
    </ClCompile>
    <ClCompile Include="Object.cpp">
      <Filter>Objects</Filter>
    </ClCompile>
    <ClCompile Include="PointObject.cpp">
      <Filter>Objects</Filter>
    </ClCompile>
    <ClCompile Include="Animation.cpp">
      <Filter>Entity</Filter>
    </ClCompile>
  </ItemGroup>
  <ItemGroup>
    <ClInclude Include="MapReader.h">
      <Filter>MapReader</Filter>
    </ClInclude>
    <ClInclude Include="Player.h">
      <Filter>Entity\Player</Filter>
    </ClInclude>
    <ClInclude Include="Entity.h">
      <Filter>Entity</Filter>
    </ClInclude>
    <ClInclude Include="Tile.h">
      <Filter>MapReader\Tiles</Filter>
    </ClInclude>
    <ClInclude Include="Game.h">
      <Filter>Game</Filter>
    </ClInclude>
    <ClInclude Include="Enemy.h">
      <Filter>Entity\Enemy</Filter>
    </ClInclude>
    <ClInclude Include="Projectile.h">
      <Filter>Entity</Filter>
    </ClInclude>
    <ClInclude Include="Menu.h">
      <Filter>UI</Filter>
    </ClInclude>
    <ClInclude Include="GoalObject.h">
      <Filter>Objects</Filter>
    </ClInclude>
    <ClInclude Include="Object.h">
      <Filter>Objects</Filter>
    </ClInclude>
    <ClInclude Include="PointObject.h">
      <Filter>Objects</Filter>
    </ClInclude>
    <ClInclude Include="Animation.h">
      <Filter>Entity</Filter>
    </ClInclude>
  </ItemGroup>
  <ItemGroup>
    <Text Include="testlevel.txt">
      <Filter>MapReader</Filter>
    </Text>
    <Text Include="todo.txt" />
  </ItemGroup>
</Project>